
Microsoft Visual Studio Solution File, Format Version 12.00
# Visual Studio Version 17
VisualStudioVersion = 17.7.34009.444
MinimumVisualStudioVersion = 10.0.40219.1
Project("{8BC9CEB8-8B4A-11D0-8D11-00A0C91BC942}") = "OpenGL0-window", "OpenGL0-window\OpenGL0-window.vcxproj", "{43CD1785-72D7-4759-9183-D5472E92367B}"
	ProjectSection(ProjectDependencies) = postProject
		{785559F6-E673-4716-97CD-1F7C56FC63E6} = {785559F6-E673-4716-97CD-1F7C56FC63E6}
	EndProjectSection
EndProject
Project("{8BC9CEB8-8B4A-11D0-8D11-00A0C91BC942}") = "dep-GLAD", "dep-GLAD\dep-GLAD.vcxproj", "{785559F6-E673-4716-97CD-1F7C56FC63E6}"
EndProject
Project("{8BC9CEB8-8B4A-11D0-8D11-00A0C91BC942}") = "OpenGL1-DrawTriangle", "OpenGL1-DrawTriangle\OpenGL1-DrawTriangle.vcxproj", "{1B531652-3358-40BC-B3C7-B0BEEA8F038E}"
	ProjectSection(ProjectDependencies) = postProject
		{785559F6-E673-4716-97CD-1F7C56FC63E6} = {785559F6-E673-4716-97CD-1F7C56FC63E6}
	EndProjectSection
EndProject
Project("{8BC9CEB8-8B4A-11D0-8D11-00A0C91BC942}") = "OpenGL2-Shader", "OpenGL2-Shader\OpenGL2-Shader.vcxproj", "{0C23ACCE-AACF-4EAE-B89F-A6EA786BABFB}"
	ProjectSection(ProjectDependencies) = postProject
		{785559F6-E673-4716-97CD-1F7C56FC63E6} = {785559F6-E673-4716-97CD-1F7C56FC63E6}
	EndProjectSection
EndProject
Project("{8BC9CEB8-8B4A-11D0-8D11-00A0C91BC942}") = "OpenGL3-Texture", "OpenGL3-Texture\OpenGL3-Texture.vcxproj", "{329FD53C-BCDC-474E-AD58-5957FE8F8D6D}"
	ProjectSection(ProjectDependencies) = postProject
		{785559F6-E673-4716-97CD-1F7C56FC63E6} = {785559F6-E673-4716-97CD-1F7C56FC63E6}
	EndProjectSection
EndProject
Project("{8BC9CEB8-8B4A-11D0-8D11-00A0C91BC942}") = "OpenGL4-Transform", "OpenGL4-Transform\OpenGL4-Transform.vcxproj", "{C47C33BA-5676-4DD3-BDC0-855723F4D05E}"
	ProjectSection(ProjectDependencies) = postProject
		{785559F6-E673-4716-97CD-1F7C56FC63E6} = {785559F6-E673-4716-97CD-1F7C56FC63E6}
	EndProjectSection
EndProject
Project("{8BC9CEB8-8B4A-11D0-8D11-00A0C91BC942}") = "OpenGL5-CoordinateSys", "OpenGL5-CoordinateSys\OpenGL5-CoordinateSys.vcxproj", "{AA07F4CD-445F-4A9F-A9E0-CA28CCDA7B05}"
	ProjectSection(ProjectDependencies) = postProject
		{785559F6-E673-4716-97CD-1F7C56FC63E6} = {785559F6-E673-4716-97CD-1F7C56FC63E6}
	EndProjectSection
EndProject
Project("{8BC9CEB8-8B4A-11D0-8D11-00A0C91BC942}") = "OpenGL6-Camera", "OpenGL6-Camera\OpenGL6-Camera.vcxproj", "{1C1ED164-9303-46E2-9F06-51CD78E4B9AC}"
	ProjectSection(ProjectDependencies) = postProject
		{785559F6-E673-4716-97CD-1F7C56FC63E6} = {785559F6-E673-4716-97CD-1F7C56FC63E6}
	EndProjectSection
EndProject
Project("{2150E333-8FDC-42A3-9474-1A3956D46DE8}") = "0-Basic", "0-Basic", "{82FB0A04-ECB5-4E53-8DFF-AD63F7032F0A}"
EndProject
Project("{2150E333-8FDC-42A3-9474-1A3956D46DE8}") = "1-Lighting", "1-Lighting", "{5E55C2D9-B39D-4901-9C90-6241484F7011}"
EndProject
Project("{8BC9CEB8-8B4A-11D0-8D11-00A0C91BC942}") = "OpenGL7-Color", "OpenGL7-Color\OpenGL7-Color.vcxproj", "{05E431F1-5D0B-40D2-9A57-465A4D65A4A7}"
	ProjectSection(ProjectDependencies) = postProject
		{785559F6-E673-4716-97CD-1F7C56FC63E6} = {785559F6-E673-4716-97CD-1F7C56FC63E6}
	EndProjectSection
EndProject
Project("{8BC9CEB8-8B4A-11D0-8D11-00A0C91BC942}") = "OpenGL8-Materials", "OpenGL8-Materials\OpenGL8-Materials.vcxproj", "{E385F778-DD93-4DD4-9A9A-7F6D04C1C101}"
EndProject
Project("{8BC9CEB8-8B4A-11D0-8D11-00A0C91BC942}") = "OpenGL9-LightingMaps", "OpenGL9-LightingMaps\OpenGL9-LightingMaps.vcxproj", "{6A949D7C-995E-447A-8A34-84124176CCAD}"
EndProject
Project("{8BC9CEB8-8B4A-11D0-8D11-00A0C91BC942}") = "OpenGL10-LightCasters", "OpenGL10-LightCasters\OpenGL10-LightCasters.vcxproj", "{7B4BD3BA-2171-4577-AA58-0B14DB400167}"
EndProject
Project("{8BC9CEB8-8B4A-11D0-8D11-00A0C91BC942}") = "OpenGL11-MultipleLights", "OpenGL11-MultipleLights\OpenGL11-MultipleLights.vcxproj", "{D2942578-9F65-41EE-B814-A7180A66796B}"
EndProject
Project("{8BC9CEB8-8B4A-11D0-8D11-00A0C91BC942}") = "OpenGL12-ex_DissolutionEffect", "OpenGL12-ex_DissolutionEffect\OpenGL12-ex_DissolutionEffect.vcxproj", "{F467741C-3330-4790-B4C6-0E201FCB32E8}"
EndProject
Project("{2150E333-8FDC-42A3-9474-1A3956D46DE8}") = "2-Model", "2-Model", "{02EA681E-C7D8-13C7-8484-4AC65E1B71E8}"
EndProject
Project("{8BC9CEB8-8B4A-11D0-8D11-00A0C91BC942}") = "OpenGL13-Mesh", "OpenGL13-Mesh\OpenGL13-Mesh.vcxproj", "{5F47F564-7E83-4EBA-82DE-E6627A607F17}"
EndProject
Project("{2150E333-8FDC-42A3-9474-1A3956D46DE8}") = "3-Advanced", "3-Advanced", "{E28CD99A-343C-476A-AC56-BD5E15651621}"
EndProject
Project("{8BC9CEB8-8B4A-11D0-8D11-00A0C91BC942}") = "OpenGL14-DepthTesting", "OpenGL14-DepthTesting\OpenGL14-DepthTesting.vcxproj", "{7F7C2AFB-7EBB-41F4-A19E-E51ADE6E4367}"
EndProject
Project("{8BC9CEB8-8B4A-11D0-8D11-00A0C91BC942}") = "OpenGL15-StencilTesting", "OpenGL15-StencilTesting\OpenGL15-StencilTesting.vcxproj", "{623352FC-924F-4EA3-88D0-99AB9A537D4D}"
EndProject
Project("{8BC9CEB8-8B4A-11D0-8D11-00A0C91BC942}") = "OpenGL16-Blending", "OpenGL16-Blend\OpenGL16-Blend.vcxproj", "{D9243D4A-3341-426A-BB20-F65643C0011C}"
EndProject
Project("{8BC9CEB8-8B4A-11D0-8D11-00A0C91BC942}") = "OpenGL17-FaceCulling", "OpenGL17-FaceCulling\OpenGL17-FaceCulling.vcxproj", "{E09C7BD9-042C-49F6-8CD8-CF74CD9A17A0}"
EndProject
Global
	GlobalSection(SolutionConfigurationPlatforms) = preSolution
		Debug|x64 = Debug|x64
		Debug|x86 = Debug|x86
		Release|x64 = Release|x64
		Release|x86 = Release|x86
	EndGlobalSection
	GlobalSection(ProjectConfigurationPlatforms) = postSolution
		{43CD1785-72D7-4759-9183-D5472E92367B}.Debug|x64.ActiveCfg = Debug|x64
		{43CD1785-72D7-4759-9183-D5472E92367B}.Debug|x64.Build.0 = Debug|x64
		{43CD1785-72D7-4759-9183-D5472E92367B}.Debug|x86.ActiveCfg = Debug|Win32
		{43CD1785-72D7-4759-9183-D5472E92367B}.Debug|x86.Build.0 = Debug|Win32
		{43CD1785-72D7-4759-9183-D5472E92367B}.Release|x64.ActiveCfg = Release|x64
		{43CD1785-72D7-4759-9183-D5472E92367B}.Release|x64.Build.0 = Release|x64
		{43CD1785-72D7-4759-9183-D5472E92367B}.Release|x86.ActiveCfg = Release|Win32
		{43CD1785-72D7-4759-9183-D5472E92367B}.Release|x86.Build.0 = Release|Win32
		{785559F6-E673-4716-97CD-1F7C56FC63E6}.Debug|x64.ActiveCfg = Debug|x64
		{785559F6-E673-4716-97CD-1F7C56FC63E6}.Debug|x64.Build.0 = Debug|x64
		{785559F6-E673-4716-97CD-1F7C56FC63E6}.Debug|x86.ActiveCfg = Debug|Win32
		{785559F6-E673-4716-97CD-1F7C56FC63E6}.Debug|x86.Build.0 = Debug|Win32
		{785559F6-E673-4716-97CD-1F7C56FC63E6}.Release|x64.ActiveCfg = Release|x64
		{785559F6-E673-4716-97CD-1F7C56FC63E6}.Release|x64.Build.0 = Release|x64
		{785559F6-E673-4716-97CD-1F7C56FC63E6}.Release|x86.ActiveCfg = Release|Win32
		{785559F6-E673-4716-97CD-1F7C56FC63E6}.Release|x86.Build.0 = Release|Win32
		{1B531652-3358-40BC-B3C7-B0BEEA8F038E}.Debug|x64.ActiveCfg = Debug|x64
		{1B531652-3358-40BC-B3C7-B0BEEA8F038E}.Debug|x64.Build.0 = Debug|x64
		{1B531652-3358-40BC-B3C7-B0BEEA8F038E}.Debug|x86.ActiveCfg = Debug|Win32
		{1B531652-3358-40BC-B3C7-B0BEEA8F038E}.Debug|x86.Build.0 = Debug|Win32
		{1B531652-3358-40BC-B3C7-B0BEEA8F038E}.Release|x64.ActiveCfg = Release|x64
		{1B531652-3358-40BC-B3C7-B0BEEA8F038E}.Release|x64.Build.0 = Release|x64
		{1B531652-3358-40BC-B3C7-B0BEEA8F038E}.Release|x86.ActiveCfg = Release|Win32
		{1B531652-3358-40BC-B3C7-B0BEEA8F038E}.Release|x86.Build.0 = Release|Win32
		{0C23ACCE-AACF-4EAE-B89F-A6EA786BABFB}.Debug|x64.ActiveCfg = Debug|x64
		{0C23ACCE-AACF-4EAE-B89F-A6EA786BABFB}.Debug|x64.Build.0 = Debug|x64
		{0C23ACCE-AACF-4EAE-B89F-A6EA786BABFB}.Debug|x86.ActiveCfg = Debug|Win32
		{0C23ACCE-AACF-4EAE-B89F-A6EA786BABFB}.Debug|x86.Build.0 = Debug|Win32
		{0C23ACCE-AACF-4EAE-B89F-A6EA786BABFB}.Release|x64.ActiveCfg = Release|x64
		{0C23ACCE-AACF-4EAE-B89F-A6EA786BABFB}.Release|x64.Build.0 = Release|x64
		{0C23ACCE-AACF-4EAE-B89F-A6EA786BABFB}.Release|x86.ActiveCfg = Release|Win32
		{0C23ACCE-AACF-4EAE-B89F-A6EA786BABFB}.Release|x86.Build.0 = Release|Win32
		{329FD53C-BCDC-474E-AD58-5957FE8F8D6D}.Debug|x64.ActiveCfg = Debug|x64
		{329FD53C-BCDC-474E-AD58-5957FE8F8D6D}.Debug|x64.Build.0 = Debug|x64
		{329FD53C-BCDC-474E-AD58-5957FE8F8D6D}.Debug|x86.ActiveCfg = Debug|Win32
		{329FD53C-BCDC-474E-AD58-5957FE8F8D6D}.Debug|x86.Build.0 = Debug|Win32
		{329FD53C-BCDC-474E-AD58-5957FE8F8D6D}.Release|x64.ActiveCfg = Release|x64
		{329FD53C-BCDC-474E-AD58-5957FE8F8D6D}.Release|x64.Build.0 = Release|x64
		{329FD53C-BCDC-474E-AD58-5957FE8F8D6D}.Release|x86.ActiveCfg = Release|Win32
		{329FD53C-BCDC-474E-AD58-5957FE8F8D6D}.Release|x86.Build.0 = Release|Win32
		{C47C33BA-5676-4DD3-BDC0-855723F4D05E}.Debug|x64.ActiveCfg = Debug|x64
		{C47C33BA-5676-4DD3-BDC0-855723F4D05E}.Debug|x64.Build.0 = Debug|x64
		{C47C33BA-5676-4DD3-BDC0-855723F4D05E}.Debug|x86.ActiveCfg = Debug|Win32
		{C47C33BA-5676-4DD3-BDC0-855723F4D05E}.Debug|x86.Build.0 = Debug|Win32
		{C47C33BA-5676-4DD3-BDC0-855723F4D05E}.Release|x64.ActiveCfg = Release|x64
		{C47C33BA-5676-4DD3-BDC0-855723F4D05E}.Release|x64.Build.0 = Release|x64
		{C47C33BA-5676-4DD3-BDC0-855723F4D05E}.Release|x86.ActiveCfg = Release|Win32
		{C47C33BA-5676-4DD3-BDC0-855723F4D05E}.Release|x86.Build.0 = Release|Win32
		{AA07F4CD-445F-4A9F-A9E0-CA28CCDA7B05}.Debug|x64.ActiveCfg = Debug|x64
		{AA07F4CD-445F-4A9F-A9E0-CA28CCDA7B05}.Debug|x64.Build.0 = Debug|x64
		{AA07F4CD-445F-4A9F-A9E0-CA28CCDA7B05}.Debug|x86.ActiveCfg = Debug|Win32
		{AA07F4CD-445F-4A9F-A9E0-CA28CCDA7B05}.Debug|x86.Build.0 = Debug|Win32
		{AA07F4CD-445F-4A9F-A9E0-CA28CCDA7B05}.Release|x64.ActiveCfg = Release|x64
		{AA07F4CD-445F-4A9F-A9E0-CA28CCDA7B05}.Release|x64.Build.0 = Release|x64
		{AA07F4CD-445F-4A9F-A9E0-CA28CCDA7B05}.Release|x86.ActiveCfg = Release|Win32
		{AA07F4CD-445F-4A9F-A9E0-CA28CCDA7B05}.Release|x86.Build.0 = Release|Win32
		{1C1ED164-9303-46E2-9F06-51CD78E4B9AC}.Debug|x64.ActiveCfg = Debug|x64
		{1C1ED164-9303-46E2-9F06-51CD78E4B9AC}.Debug|x64.Build.0 = Debug|x64
		{1C1ED164-9303-46E2-9F06-51CD78E4B9AC}.Debug|x86.ActiveCfg = Debug|Win32
		{1C1ED164-9303-46E2-9F06-51CD78E4B9AC}.Debug|x86.Build.0 = Debug|Win32
		{1C1ED164-9303-46E2-9F06-51CD78E4B9AC}.Release|x64.ActiveCfg = Release|x64
		{1C1ED164-9303-46E2-9F06-51CD78E4B9AC}.Release|x64.Build.0 = Release|x64
		{1C1ED164-9303-46E2-9F06-51CD78E4B9AC}.Release|x86.ActiveCfg = Release|Win32
		{1C1ED164-9303-46E2-9F06-51CD78E4B9AC}.Release|x86.Build.0 = Release|Win32
		{05E431F1-5D0B-40D2-9A57-465A4D65A4A7}.Debug|x64.ActiveCfg = Debug|x64
		{05E431F1-5D0B-40D2-9A57-465A4D65A4A7}.Debug|x64.Build.0 = Debug|x64
		{05E431F1-5D0B-40D2-9A57-465A4D65A4A7}.Debug|x86.ActiveCfg = Debug|Win32
		{05E431F1-5D0B-40D2-9A57-465A4D65A4A7}.Debug|x86.Build.0 = Debug|Win32
		{05E431F1-5D0B-40D2-9A57-465A4D65A4A7}.Release|x64.ActiveCfg = Release|x64
		{05E431F1-5D0B-40D2-9A57-465A4D65A4A7}.Release|x64.Build.0 = Release|x64
		{05E431F1-5D0B-40D2-9A57-465A4D65A4A7}.Release|x86.ActiveCfg = Release|Win32
		{05E431F1-5D0B-40D2-9A57-465A4D65A4A7}.Release|x86.Build.0 = Release|Win32
		{E385F778-DD93-4DD4-9A9A-7F6D04C1C101}.Debug|x64.ActiveCfg = Debug|x64
		{E385F778-DD93-4DD4-9A9A-7F6D04C1C101}.Debug|x64.Build.0 = Debug|x64
		{E385F778-DD93-4DD4-9A9A-7F6D04C1C101}.Debug|x86.ActiveCfg = Debug|Win32
		{E385F778-DD93-4DD4-9A9A-7F6D04C1C101}.Debug|x86.Build.0 = Debug|Win32
		{E385F778-DD93-4DD4-9A9A-7F6D04C1C101}.Release|x64.ActiveCfg = Release|x64
		{E385F778-DD93-4DD4-9A9A-7F6D04C1C101}.Release|x64.Build.0 = Release|x64
		{E385F778-DD93-4DD4-9A9A-7F6D04C1C101}.Release|x86.ActiveCfg = Release|Win32
		{E385F778-DD93-4DD4-9A9A-7F6D04C1C101}.Release|x86.Build.0 = Release|Win32
		{6A949D7C-995E-447A-8A34-84124176CCAD}.Debug|x64.ActiveCfg = Debug|x64
		{6A949D7C-995E-447A-8A34-84124176CCAD}.Debug|x64.Build.0 = Debug|x64
		{6A949D7C-995E-447A-8A34-84124176CCAD}.Debug|x86.ActiveCfg = Debug|Win32
		{6A949D7C-995E-447A-8A34-84124176CCAD}.Debug|x86.Build.0 = Debug|Win32
		{6A949D7C-995E-447A-8A34-84124176CCAD}.Release|x64.ActiveCfg = Release|x64
		{6A949D7C-995E-447A-8A34-84124176CCAD}.Release|x64.Build.0 = Release|x64
		{6A949D7C-995E-447A-8A34-84124176CCAD}.Release|x86.ActiveCfg = Release|Win32
		{6A949D7C-995E-447A-8A34-84124176CCAD}.Release|x86.Build.0 = Release|Win32
		{7B4BD3BA-2171-4577-AA58-0B14DB400167}.Debug|x64.ActiveCfg = Debug|x64
		{7B4BD3BA-2171-4577-AA58-0B14DB400167}.Debug|x64.Build.0 = Debug|x64
		{7B4BD3BA-2171-4577-AA58-0B14DB400167}.Debug|x86.ActiveCfg = Debug|Win32
		{7B4BD3BA-2171-4577-AA58-0B14DB400167}.Debug|x86.Build.0 = Debug|Win32
		{7B4BD3BA-2171-4577-AA58-0B14DB400167}.Release|x64.ActiveCfg = Release|x64
		{7B4BD3BA-2171-4577-AA58-0B14DB400167}.Release|x64.Build.0 = Release|x64
		{7B4BD3BA-2171-4577-AA58-0B14DB400167}.Release|x86.ActiveCfg = Release|Win32
		{7B4BD3BA-2171-4577-AA58-0B14DB400167}.Release|x86.Build.0 = Release|Win32
		{D2942578-9F65-41EE-B814-A7180A66796B}.Debug|x64.ActiveCfg = Debug|x64
		{D2942578-9F65-41EE-B814-A7180A66796B}.Debug|x64.Build.0 = Debug|x64
		{D2942578-9F65-41EE-B814-A7180A66796B}.Debug|x86.ActiveCfg = Debug|Win32
		{D2942578-9F65-41EE-B814-A7180A66796B}.Debug|x86.Build.0 = Debug|Win32
		{D2942578-9F65-41EE-B814-A7180A66796B}.Release|x64.ActiveCfg = Release|x64
		{D2942578-9F65-41EE-B814-A7180A66796B}.Release|x64.Build.0 = Release|x64
		{D2942578-9F65-41EE-B814-A7180A66796B}.Release|x86.ActiveCfg = Release|Win32
		{D2942578-9F65-41EE-B814-A7180A66796B}.Release|x86.Build.0 = Release|Win32
		{F467741C-3330-4790-B4C6-0E201FCB32E8}.Debug|x64.ActiveCfg = Debug|x64
		{F467741C-3330-4790-B4C6-0E201FCB32E8}.Debug|x64.Build.0 = Debug|x64
		{F467741C-3330-4790-B4C6-0E201FCB32E8}.Debug|x86.ActiveCfg = Debug|Win32
		{F467741C-3330-4790-B4C6-0E201FCB32E8}.Debug|x86.Build.0 = Debug|Win32
		{F467741C-3330-4790-B4C6-0E201FCB32E8}.Release|x64.ActiveCfg = Release|x64
		{F467741C-3330-4790-B4C6-0E201FCB32E8}.Release|x64.Build.0 = Release|x64
		{F467741C-3330-4790-B4C6-0E201FCB32E8}.Release|x86.ActiveCfg = Release|Win32
		{F467741C-3330-4790-B4C6-0E201FCB32E8}.Release|x86.Build.0 = Release|Win32
		{5F47F564-7E83-4EBA-82DE-E6627A607F17}.Debug|x64.ActiveCfg = Debug|x64
		{5F47F564-7E83-4EBA-82DE-E6627A607F17}.Debug|x64.Build.0 = Debug|x64
		{5F47F564-7E83-4EBA-82DE-E6627A607F17}.Debug|x86.ActiveCfg = Debug|Win32
		{5F47F564-7E83-4EBA-82DE-E6627A607F17}.Debug|x86.Build.0 = Debug|Win32
		{5F47F564-7E83-4EBA-82DE-E6627A607F17}.Release|x64.ActiveCfg = Release|x64
		{5F47F564-7E83-4EBA-82DE-E6627A607F17}.Release|x64.Build.0 = Release|x64
		{5F47F564-7E83-4EBA-82DE-E6627A607F17}.Release|x86.ActiveCfg = Release|Win32
		{5F47F564-7E83-4EBA-82DE-E6627A607F17}.Release|x86.Build.0 = Release|Win32
		{7F7C2AFB-7EBB-41F4-A19E-E51ADE6E4367}.Debug|x64.ActiveCfg = Debug|x64
		{7F7C2AFB-7EBB-41F4-A19E-E51ADE6E4367}.Debug|x64.Build.0 = Debug|x64
		{7F7C2AFB-7EBB-41F4-A19E-E51ADE6E4367}.Debug|x86.ActiveCfg = Debug|Win32
		{7F7C2AFB-7EBB-41F4-A19E-E51ADE6E4367}.Debug|x86.Build.0 = Debug|Win32
		{7F7C2AFB-7EBB-41F4-A19E-E51ADE6E4367}.Release|x64.ActiveCfg = Release|x64
		{7F7C2AFB-7EBB-41F4-A19E-E51ADE6E4367}.Release|x64.Build.0 = Release|x64
		{7F7C2AFB-7EBB-41F4-A19E-E51ADE6E4367}.Release|x86.ActiveCfg = Release|Win32
		{7F7C2AFB-7EBB-41F4-A19E-E51ADE6E4367}.Release|x86.Build.0 = Release|Win32
		{623352FC-924F-4EA3-88D0-99AB9A537D4D}.Debug|x64.ActiveCfg = Debug|x64
		{623352FC-924F-4EA3-88D0-99AB9A537D4D}.Debug|x64.Build.0 = Debug|x64
		{623352FC-924F-4EA3-88D0-99AB9A537D4D}.Debug|x86.ActiveCfg = Debug|Win32
		{623352FC-924F-4EA3-88D0-99AB9A537D4D}.Debug|x86.Build.0 = Debug|Win32
		{623352FC-924F-4EA3-88D0-99AB9A537D4D}.Release|x64.ActiveCfg = Release|x64
		{623352FC-924F-4EA3-88D0-99AB9A537D4D}.Release|x64.Build.0 = Release|x64
		{623352FC-924F-4EA3-88D0-99AB9A537D4D}.Release|x86.ActiveCfg = Release|Win32
		{623352FC-924F-4EA3-88D0-99AB9A537D4D}.Release|x86.Build.0 = Release|Win32
		{D9243D4A-3341-426A-BB20-F65643C0011C}.Debug|x64.ActiveCfg = Debug|x64
		{D9243D4A-3341-426A-BB20-F65643C0011C}.Debug|x64.Build.0 = Debug|x64
		{D9243D4A-3341-426A-BB20-F65643C0011C}.Debug|x86.ActiveCfg = Debug|Win32
		{D9243D4A-3341-426A-BB20-F65643C0011C}.Debug|x86.Build.0 = Debug|Win32
		{D9243D4A-3341-426A-BB20-F65643C0011C}.Release|x64.ActiveCfg = Release|x64
		{D9243D4A-3341-426A-BB20-F65643C0011C}.Release|x64.Build.0 = Release|x64
		{D9243D4A-3341-426A-BB20-F65643C0011C}.Release|x86.ActiveCfg = Release|Win32
		{D9243D4A-3341-426A-BB20-F65643C0011C}.Release|x86.Build.0 = Release|Win32
		{E09C7BD9-042C-49F6-8CD8-CF74CD9A17A0}.Debug|x64.ActiveCfg = Debug|x64
		{E09C7BD9-042C-49F6-8CD8-CF74CD9A17A0}.Debug|x64.Build.0 = Debug|x64
		{E09C7BD9-042C-49F6-8CD8-CF74CD9A17A0}.Debug|x86.ActiveCfg = Debug|Win32
		{E09C7BD9-042C-49F6-8CD8-CF74CD9A17A0}.Debug|x86.Build.0 = Debug|Win32
		{E09C7BD9-042C-49F6-8CD8-CF74CD9A17A0}.Release|x64.ActiveCfg = Release|x64
		{E09C7BD9-042C-49F6-8CD8-CF74CD9A17A0}.Release|x64.Build.0 = Release|x64
		{E09C7BD9-042C-49F6-8CD8-CF74CD9A17A0}.Release|x86.ActiveCfg = Release|Win32
		{E09C7BD9-042C-49F6-8CD8-CF74CD9A17A0}.Release|x86.Build.0 = Release|Win32
	EndGlobalSection
	GlobalSection(SolutionProperties) = preSolution
		HideSolutionNode = FALSE
	EndGlobalSection
	GlobalSection(NestedProjects) = preSolution
		{43CD1785-72D7-4759-9183-D5472E92367B} = {82FB0A04-ECB5-4E53-8DFF-AD63F7032F0A}
		{785559F6-E673-4716-97CD-1F7C56FC63E6} = {82FB0A04-ECB5-4E53-8DFF-AD63F7032F0A}
		{1B531652-3358-40BC-B3C7-B0BEEA8F038E} = {82FB0A04-ECB5-4E53-8DFF-AD63F7032F0A}
		{0C23ACCE-AACF-4EAE-B89F-A6EA786BABFB} = {82FB0A04-ECB5-4E53-8DFF-AD63F7032F0A}
		{329FD53C-BCDC-474E-AD58-5957FE8F8D6D} = {82FB0A04-ECB5-4E53-8DFF-AD63F7032F0A}
		{C47C33BA-5676-4DD3-BDC0-855723F4D05E} = {82FB0A04-ECB5-4E53-8DFF-AD63F7032F0A}
		{AA07F4CD-445F-4A9F-A9E0-CA28CCDA7B05} = {82FB0A04-ECB5-4E53-8DFF-AD63F7032F0A}
		{1C1ED164-9303-46E2-9F06-51CD78E4B9AC} = {82FB0A04-ECB5-4E53-8DFF-AD63F7032F0A}
		{05E431F1-5D0B-40D2-9A57-465A4D65A4A7} = {5E55C2D9-B39D-4901-9C90-6241484F7011}
		{E385F778-DD93-4DD4-9A9A-7F6D04C1C101} = {5E55C2D9-B39D-4901-9C90-6241484F7011}
		{6A949D7C-995E-447A-8A34-84124176CCAD} = {5E55C2D9-B39D-4901-9C90-6241484F7011}
		{7B4BD3BA-2171-4577-AA58-0B14DB400167} = {5E55C2D9-B39D-4901-9C90-6241484F7011}
		{D2942578-9F65-41EE-B814-A7180A66796B} = {5E55C2D9-B39D-4901-9C90-6241484F7011}
		{F467741C-3330-4790-B4C6-0E201FCB32E8} = {5E55C2D9-B39D-4901-9C90-6241484F7011}
		{5F47F564-7E83-4EBA-82DE-E6627A607F17} = {02EA681E-C7D8-13C7-8484-4AC65E1B71E8}
		{7F7C2AFB-7EBB-41F4-A19E-E51ADE6E4367} = {E28CD99A-343C-476A-AC56-BD5E15651621}
		{623352FC-924F-4EA3-88D0-99AB9A537D4D} = {E28CD99A-343C-476A-AC56-BD5E15651621}
		{D9243D4A-3341-426A-BB20-F65643C0011C} = {E28CD99A-343C-476A-AC56-BD5E15651621}
		{E09C7BD9-042C-49F6-8CD8-CF74CD9A17A0} = {E28CD99A-343C-476A-AC56-BD5E15651621}
	EndGlobalSection
	GlobalSection(ExtensibilityGlobals) = postSolution
		SolutionGuid = {36203A89-55C5-4C3D-AE79-92B5D3E182A8}
	EndGlobalSection
EndGlobal
